
Microsoft Visual Studio Solution File, Format Version 12.00
# Visual Studio 15
VisualStudioVersion = 15.0.27130.2036
MinimumVisualStudioVersion = 10.0.40219.1
Project("{FAE04EC0-301F-11D3-BF4B-00C04F79EFBC}") = "MapGeneratorTest", "MapGeneratorTest\MapGeneratorTest.csproj", "{2C1F4833-8AB3-42EB-A38C-F2869A872721}"
EndProject
Project("{FAE04EC0-301F-11D3-BF4B-00C04F79EFBC}") = "MapGenerator", "MapGenerator\MapGenerator.csproj", "{C14A0D92-E0DC-41DD-BA27-26E229842ACE}"
EndProject
Global
	GlobalSection(SolutionConfigurationPlatforms) = preSolution
		Debug|Any CPU = Debug|Any CPU
		Release|Any CPU = Release|Any CPU
	EndGlobalSection
	GlobalSection(ProjectConfigurationPlatforms) = postSolution
		{2C1F4833-8AB3-42EB-A38C-F2869A872721}.Debug|Any CPU.ActiveCfg = Debug|Any CPU
		{2C1F4833-8AB3-42EB-A38C-F2869A872721}.Debug|Any CPU.Build.0 = Debug|Any CPU
		{2C1F4833-8AB3-42EB-A38C-F2869A872721}.Release|Any CPU.ActiveCfg = Release|Any CPU
		{2C1F4833-8AB3-42EB-A38C-F2869A872721}.Release|Any CPU.Build.0 = Release|Any CPU
		{C14A0D92-E0DC-41DD-BA27-26E229842ACE}.Debug|Any CPU.ActiveCfg = Debug|Any CPU
		{C14A0D92-E0DC-41DD-BA27-26E229842ACE}.Debug|Any CPU.Build.0 = Debug|Any CPU
		{C14A0D92-E0DC-41DD-BA27-26E229842ACE}.Release|Any CPU.ActiveCfg = Release|Any CPU
		{C14A0D92-E0DC-41DD-BA27-26E229842ACE}.Release|Any CPU.Build.0 = Release|Any CPU
	EndGlobalSection
	GlobalSection(SolutionProperties) = preSolution
		HideSolutionNode = FALSE
	EndGlobalSection
	GlobalSection(ExtensibilityGlobals) = postSolution
		SolutionGuid = {CEC04F3E-B1C4-4E2F-89EE-285B83313FDE}
	EndGlobalSection
EndGlobal
