
Microsoft Visual Studio Solution File, Format Version 12.00
# Visual Studio 15
VisualStudioVersion = 15.0.28307.168
MinimumVisualStudioVersion = 10.0.40219.1
Project("{FAE04EC0-301F-11D3-BF4B-00C04F79EFBC}") = "Voronoi", "Voronoi\Voronoi.csproj", "{8A41F40E-18F5-457A-9D9F-D78EF09600D6}"
EndProject
Global
	GlobalSection(SolutionConfigurationPlatforms) = preSolution
		Debug|Any CPU = Debug|Any CPU
		Release|Any CPU = Release|Any CPU
	EndGlobalSection
	GlobalSection(ProjectConfigurationPlatforms) = postSolution
		{8A41F40E-18F5-457A-9D9F-D78EF09600D6}.Debug|Any CPU.ActiveCfg = Debug|Any CPU
		{8A41F40E-18F5-457A-9D9F-D78EF09600D6}.Debug|Any CPU.Build.0 = Debug|Any CPU
		{8A41F40E-18F5-457A-9D9F-D78EF09600D6}.Release|Any CPU.ActiveCfg = Release|Any CPU
		{8A41F40E-18F5-457A-9D9F-D78EF09600D6}.Release|Any CPU.Build.0 = Release|Any CPU
	EndGlobalSection
	GlobalSection(SolutionProperties) = preSolution
		HideSolutionNode = FALSE
	EndGlobalSection
	GlobalSection(ExtensibilityGlobals) = postSolution
		SolutionGuid = {D93BD42E-BE72-41B0-81DD-A4E69AF04B0C}
	EndGlobalSection
EndGlobal
